{
    "_meta": {
        "hash": {
            "sha256": "0d25e2809bc93110ee910c395f77b8e2be211102bd6207ea3e44d37d68e1ec50"
        },
        "pipfile-spec": 6,
        "requires": {
            "python_version": "3.7"
        },
        "sources": [
            {
                "name": "pypi",
                "url": "https://pypi.org/simple",
                "verify_ssl": true
            }
        ]
    },
    "default": {
        "aionotify": {
            "hashes": [
                "sha256:385e1becfaac2d9f4326673033d53912ef9565b6febdedbec593ee966df392c6",
                "sha256:64b702ad0eb115034533f9f62730a9253b79f5ff0fbf3d100c392124cdf12507"
            ],
            "index": "pypi",
            "version": "==0.2.0"
        },
        "asyncio": {
            "hashes": [
                "sha256:83360ff8bc97980e4ff25c964c7bd3923d333d177aa4f7fb736b019f26c7cb41",
                "sha256:b62c9157d36187eca799c378e572c969f0da87cd5fc42ca372d92cdb06e7e1de",
                "sha256:c46a87b48213d7464f22d9a497b9eef8c1928b68320a2fa94240f969f6fec08c",
                "sha256:c4d18b22701821de07bd6aea8b53d21449ec0ec5680645e5317062ea21817d2d"
            ],
            "index": "pypi",
            "version": "==3.4.3"
        },
        "cffi": {
            "hashes": [
                "sha256:001bf3242a1bb04d985d63e138230802c6c8d4db3668fb545fb5005ddf5bb5ff",
                "sha256:00789914be39dffba161cfc5be31b55775de5ba2235fe49aa28c148236c4e06b",
                "sha256:028a579fc9aed3af38f4892bdcc7390508adabc30c6af4a6e4f611b0c680e6ac",
                "sha256:14491a910663bf9f13ddf2bc8f60562d6bc5315c1f09c704937ef17293fb85b0",
                "sha256:1cae98a7054b5c9391eb3249b86e0e99ab1e02bb0cc0575da191aedadbdf4384",
                "sha256:2089ed025da3919d2e75a4d963d008330c96751127dd6f73c8dc0c65041b4c26",
                "sha256:2d384f4a127a15ba701207f7639d94106693b6cd64173d6c8988e2c25f3ac2b6",
                "sha256:337d448e5a725bba2d8293c48d9353fc68d0e9e4088d62a9571def317797522b",
                "sha256:399aed636c7d3749bbed55bc907c3288cb43c65c4389964ad5ff849b6370603e",
                "sha256:3b911c2dbd4f423b4c4fcca138cadde747abdb20d196c4a48708b8a2d32b16dd",
                "sha256:3d311bcc4a41408cf5854f06ef2c5cab88f9fded37a3b95936c9879c1640d4c2",
                "sha256:62ae9af2d069ea2698bf536dcfe1e4eed9090211dbaafeeedf5cb6c41b352f66",
                "sha256:66e41db66b47d0d8672d8ed2708ba91b2f2524ece3dee48b5dfb36be8c2f21dc",
                "sha256:675686925a9fb403edba0114db74e741d8181683dcf216be697d208857e04ca8",
                "sha256:7e63cbcf2429a8dbfe48dcc2322d5f2220b77b2e17b7ba023d6166d84655da55",
                "sha256:8a6c688fefb4e1cd56feb6c511984a6c4f7ec7d2a1ff31a10254f3c817054ae4",
                "sha256:8c0ffc886aea5df6a1762d0019e9cb05f825d0eec1f520c51be9d198701daee5",
                "sha256:95cd16d3dee553f882540c1ffe331d085c9e629499ceadfbda4d4fde635f4b7d",
                "sha256:99f748a7e71ff382613b4e1acc0ac83bf7ad167fb3802e35e90d9763daba4d78",
                "sha256:b8c78301cefcf5fd914aad35d3c04c2b21ce8629b5e4f4e45ae6812e461910fa",
                "sha256:c420917b188a5582a56d8b93bdd8e0f6eca08c84ff623a4c16e809152cd35793",
                "sha256:c43866529f2f06fe0edc6246eb4faa34f03fe88b64a0a9a942561c8e22f4b71f",
                "sha256:cab50b8c2250b46fe738c77dbd25ce017d5e6fb35d3407606e7a4180656a5a6a",
                "sha256:cef128cb4d5e0b3493f058f10ce32365972c554572ff821e175dbc6f8ff6924f",
                "sha256:cf16e3cf6c0a5fdd9bc10c21687e19d29ad1fe863372b5543deaec1039581a30",
                "sha256:e56c744aa6ff427a607763346e4170629caf7e48ead6921745986db3692f987f",
                "sha256:e577934fc5f8779c554639376beeaa5657d54349096ef24abe8c74c5d9c117c3",
                "sha256:f2b0fa0c01d8a0c7483afd9f31d7ecf2d71760ca24499c8697aeb5ca37dc090c"
            ],
            "version": "==1.14.0"
        },
        "chardet": {
            "hashes": [
                "sha256:84ab92ed1c4d4f16916e05906b6b75a6c0fb5db821cc65e70cbd64a3e2a5eaae",
                "sha256:fc323ffcaeaed0e0a02bf4d117757b98aed530d9ed4531e3e15460124c106691"
            ],
            "markers": "python_version > '3.0'",
            "version": "==3.0.4"
        },
        "click": {
            "hashes": [
                "sha256:8a18b4ea89d8820c5d0c7da8a64b2c324b4dabb695804dbfea19b9be9d88c0cc",
                "sha256:e345d143d80bf5ee7534056164e5e112ea5e22716bbb1ce727941f4c8b471b9a"
            ],
            "version": "==7.1.1"
        },
        "img2pdf": {
            "hashes": [
                "sha256:0b482b7f317b76051fabf6e50e5eea1584b20bdf76b6b54c16b6ef1d5298ee49"
            ],
            "version": "==0.3.4"
        },
        "joblib": {
            "hashes": [
                "sha256:0630eea4f5664c463f23fbf5dcfc54a2bc6168902719fa8e19daf033022786c8",
                "sha256:bdb4fd9b72915ffb49fde2229ce482dd7ae79d842ed8c2b4c932441495af1403"
            ],
            "version": "==0.14.1"
        },
        "lxml": {
            "hashes": [
                "sha256:06d4e0bbb1d62e38ae6118406d7cdb4693a3fa34ee3762238bcb96c9e36a93cd",
                "sha256:0701f7965903a1c3f6f09328c1278ac0eee8f56f244e66af79cb224b7ef3801c",
                "sha256:1f2c4ec372bf1c4a2c7e4bb20845e8bcf8050365189d86806bad1e3ae473d081",
                "sha256:4235bc124fdcf611d02047d7034164897ade13046bda967768836629bc62784f",
                "sha256:5828c7f3e615f3975d48f40d4fe66e8a7b25f16b5e5705ffe1d22e43fb1f6261",
                "sha256:585c0869f75577ac7a8ff38d08f7aac9033da2c41c11352ebf86a04652758b7a",
                "sha256:5d467ce9c5d35b3bcc7172c06320dddb275fea6ac2037f72f0a4d7472035cea9",
                "sha256:63dbc21efd7e822c11d5ddbedbbb08cd11a41e0032e382a0fd59b0b08e405a3a",
                "sha256:7bc1b221e7867f2e7ff1933165c0cec7153dce93d0cdba6554b42a8beb687bdb",
                "sha256:8620ce80f50d023d414183bf90cc2576c2837b88e00bea3f33ad2630133bbb60",
                "sha256:8a0ebda56ebca1a83eb2d1ac266649b80af8dd4b4a3502b2c1e09ac2f88fe128",
                "sha256:90ed0e36455a81b25b7034038e40880189169c308a3df360861ad74da7b68c1a",
                "sha256:95e67224815ef86924fbc2b71a9dbd1f7262384bca4bc4793645794ac4200717",
                "sha256:afdb34b715daf814d1abea0317b6d672476b498472f1e5aacbadc34ebbc26e89",
                "sha256:b4b2c63cc7963aedd08a5f5a454c9f67251b1ac9e22fd9d72836206c42dc2a72",
                "sha256:d068f55bda3c2c3fcaec24bd083d9e2eede32c583faf084d6e4b9daaea77dde8",
                "sha256:d5b3c4b7edd2e770375a01139be11307f04341ec709cf724e0f26ebb1eef12c3",
                "sha256:deadf4df349d1dcd7b2853a2c8796593cc346600726eff680ed8ed11812382a7",
                "sha256:df533af6f88080419c5a604d0d63b2c33b1c0c4409aba7d0cb6de305147ea8c8",
                "sha256:e4aa948eb15018a657702fee0b9db47e908491c64d36b4a90f59a64741516e77",
                "sha256:e5d842c73e4ef6ed8c1bd77806bf84a7cb535f9c0cf9b2c74d02ebda310070e1",
                "sha256:ebec08091a22c2be870890913bdadd86fcd8e9f0f22bcb398abd3af914690c15",
                "sha256:edc15fcfd77395e24543be48871c251f38132bb834d9fdfdad756adb6ea37679",
                "sha256:f2b74784ed7e0bc2d02bd53e48ad6ba523c9b36c194260b7a5045071abbb1012",
                "sha256:fa071559f14bd1e92077b1b5f6c22cf09756c6de7139370249eb372854ce51e6",
                "sha256:fd52e796fee7171c4361d441796b64df1acfceb51f29e545e812f16d023c4bbc",
                "sha256:fe976a0f1ef09b3638778024ab9fb8cde3118f203364212c198f71341c0715ca"
            ],
            "version": "==4.5.0"
        },
        "nltk": {
            "hashes": [
                "sha256:845365449cd8c5f9731f7cb9f8bd6fd0767553b9d53af9eb1b3abf7700936b35"
            ],
            "index": "pypi",
            "version": "==3.5"
        },
        "ocrmypdf": {
            "hashes": [
                "sha256:9809a443067de3b41169790e3c109d1a37d803f1eecf62e33d44cfaefa07626f",
                "sha256:a5ee4a7f20b9e26d043e79596d2adbf11eac68e947ad58775e4a849ac24d428b"
            ],
            "index": "pypi",
            "version": "==9.7.2"
        },
        "pdfminer.six": {
            "hashes": [
                "sha256:dd163540391ac8b50c74f0c40f21b7c0a350591d72d516714aa198d103f306a3",
                "sha256:f5ab6aae4999c1460aa569c716cde75c1585e3f4f2e3fcaf6c950696937d1741"
            ],
            "version": "==20200402"
        },
        "pdftotext": {
            "hashes": [
                "sha256:d37864049581fb13cdcf7b23d4ea23dac7ca2e9c646e8ecac1a39275ab1cae03"
            ],
            "index": "pypi",
            "version": "==2.1.4"
        },
        "pikepdf": {
            "hashes": [
                "sha256:0454308e0607fb528b57cd633579bef13dece03136dbacc5d2ad85419fae248a",
                "sha256:04c10376e234d5811e9905a754e2b4bbfd51869a887d27225b7afb94df91d3d0",
                "sha256:2043f24193bbcebf3c6a6df45cfaed93697ff752b484e32b5cf69915c9bb49f6",
                "sha256:231de7c99a1908e704b2add8dcdaf1b81a081bd578bd4aabc816221317af8d71",
                "sha256:234d124452469ef7062db93d4f2fcc84ce882e3f05da7186465bc94554b89b29",
                "sha256:47ff02cded45ab701b506eca4145db6b78b95bed023f896f81e3815d5a5405b3",
                "sha256:523181a0b995b95784a2f509d223b237afa57f6e9768897999eb0d95c68b8ed5",
                "sha256:53ed7363f0a25889113da0aba57245d77b79219d0eb73cfdebf91c1f5f98bbb8",
                "sha256:5483a2710e73d7f35b498c7f7f413931e40f6b3193b4f7c22cc86014a050a0a6",
                "sha256:674fa60757ad995e90b6f8941c939699edf04e61fcb669e71f6ed2166710dd5b",
                "sha256:7755fe48762dfbc885d79155546edfcea1fe4efe545ea68a712abaddeecefa89",
                "sha256:80bd3dafdf4332def0c962f157d0a3fba6f139daeffe4b0221675ff07880cefc",
                "sha256:84be8aa673d294ed2e770460a045d3b2b9a9e1b04643d41d8b06eb1653edc349",
                "sha256:86073d2aad03bec309a7b854300ae054648122c9fcb083dae8834cfbcfc2a4f0",
                "sha256:9bfb3693a9742d0efe5487d501805a62c55bfe539831b50b1ad0adae752edcfb",
                "sha256:9cff1dfff90261077f63bc26c20550784381c9bbb63ac08f96bd53f877cb6846",
                "sha256:a1cca11870f403843d04f7d1d13882ce3aa42d8406ec28a79473bb1d0a300655",
                "sha256:c0fda5590612aa650c14bd24bfc4e7ae36a36951dd8fbd2920c0fba713e81b76",
                "sha256:c6a061bab765134d74698f0ec0b9cdd231d95158716535d2518c9044291c0ffc",
                "sha256:f43a9c76f7529808c647aa9f87a43e78ab409067bfb194eccc4140f9258bfe31",
                "sha256:ff2b526e900ab717ff11a8b3a23f28b0f162edef57fd32669c312a7f8d219106"
            ],
            "version": "==1.11.1"
        },
        "pillow": {
            "hashes": [
                "sha256:04a10558320eba9137d6a78ca6fc8f4a5801f1b971152938851dc4629d903579",
                "sha256:0f89ddc77cf421b8cd34ae852309501458942bf370831b4a9b406156b599a14e",
                "sha256:251e5618125ec12ac800265d7048f5857a8f8f1979db9ea3e11382e159d17f68",
                "sha256:291bad7097b06d648222b769bbfcd61e40d0abdfe10df686d20ede36eb8162b6",
                "sha256:2f0b52a08d175f10c8ea36685115681a484c55d24d0933f9fd911e4111c04144",
                "sha256:3713386d1e9e79cea1c5e6aaac042841d7eef838cc577a3ca153c8bedf570287",
                "sha256:433bbc2469a2351bea53666d97bb1eb30f0d56461735be02ea6b27654569f80f",
                "sha256:4510c6b33277970b1af83c987277f9a08ec2b02cc20ac0f9234e4026136bb137",
                "sha256:50a10b048f4dd81c092adad99fa5f7ba941edaf2f9590510109ac2a15e706695",
                "sha256:670e58d3643971f4afd79191abd21623761c2ebe61db1c2cb4797d817c4ba1a7",
                "sha256:6c1924ed7dbc6ad0636907693bbbdd3fdae1d73072963e71f5644b864bb10b4d",
                "sha256:721c04d3c77c38086f1f95d1cd8df87f2f9a505a780acf8575912b3206479da1",
                "sha256:8d5799243050c2833c2662b824dfb16aa98e408d2092805edea4300a408490e7",
                "sha256:90cd441a1638ae176eab4d8b6b94ab4ec24b212ed4c3fbee2a6e74672481d4f8",
                "sha256:a5dc9f28c0239ec2742d4273bd85b2aa84655be2564db7ad1eb8f64b1efcdc4c",
                "sha256:b2f3e8cc52ecd259b94ca880fea0d15f4ebc6da2cd3db515389bb878d800270f",
                "sha256:b7453750cf911785009423789d2e4e5393aae9cbb8b3f471dab854b85a26cb89",
                "sha256:b99b2607b6cd58396f363b448cbe71d3c35e28f03e442ab00806463439629c2c",
                "sha256:cd47793f7bc9285a88c2b5551d3f16a2ddd005789614a34c5f4a598c2a162383",
                "sha256:d6bf085f6f9ec6a1724c187083b37b58a8048f86036d42d21802ed5d1fae4853",
                "sha256:da737ab273f4d60ae552f82ad83f7cbd0e173ca30ca20b160f708c92742ee212",
                "sha256:eb84e7e5b07ff3725ab05977ac56d5eeb0c510795aeb48e8b691491be3c5745b"
            ],
            "version": "==7.1.1"
        },
        "pycparser": {
            "hashes": [
                "sha256:2d475327684562c3a96cc71adf7dc8c4f0565175cf86b6d7a404ff4c771f15f0",
                "sha256:7582ad22678f0fcd81102833f60ef8d0e57288b6b5fb00323d101be910e35705"
            ],
            "version": "==2.20"
        },
        "pycryptodome": {
            "hashes": [
                "sha256:07024fc364869eae8d6ac0d316e089956e6aeffe42dbdcf44fe1320d96becf7f",
                "sha256:09b6d6bcc01a4eb1a2b4deeff5aa602a108ec5aed8ac75ae554f97d1d7f0a5ad",
                "sha256:0e10f352ccbbcb5bb2dc4ecaf106564e65702a717d72ab260f9ac4c19753cfc2",
                "sha256:1f4752186298caf2e9ff5354f2e694d607ca7342aa313a62005235d46e28cf04",
                "sha256:2fbc472e0b567318fe2052281d5a8c0ae70099b446679815f655e9fbc18c3a65",
                "sha256:3ec3dc2f80f71fd0c955ce48b81bfaf8914c6f63a41a738f28885a1c4892968a",
                "sha256:426c188c83c10df71f053e04b4003b1437bae5cb37606440e498b00f160d71d0",
                "sha256:626c0a1d4d83ec6303f970a17158114f75c3ba1736f7f2983f7b40a265861bd8",
                "sha256:767ad0fb5d23efc36a4d5c2fc608ac603f3de028909bcf59abc943e0d0bc5a36",
                "sha256:7ac729d9091ed5478af2b4a4f44f5335a98febbc008af619e4569a59fe503e40",
                "sha256:83295a3fb5cf50c48631eb5b440cb5e9832d8c14d81d1d45f4497b67a9987de8",
                "sha256:8be56bde3312e022d9d1d6afa124556460ad5c844c2fc63642f6af723c098d35",
                "sha256:8f06556a8f7ea7b1e42eff39726bb0dca1c251205debae64e6eebea3cd7b438a",
                "sha256:9230fcb5d948c3fb40049bace4d33c5d254f8232c2c0bba05d2570aea3ba4520",
                "sha256:9378c309aec1f8cd8bad361ed0816a440151b97a2a3f6ffdaba1d1a1fb76873a",
                "sha256:9977086e0f93adb326379897437373871b80501e1d176fec63c7f46fb300c862",
                "sha256:9a94fca11fdc161460bd8659c15b6adef45c1b20da86402256eaf3addfaab324",
                "sha256:9c739b7795ccf2ef1fdad8d44e539a39ad300ee6786e804ea7f0c6a786eb5343",
                "sha256:b1e332587b3b195542e77681389c296e1837ca01240399d88803a075447d3557",
                "sha256:c109a26a21f21f695d369ff9b87f5d43e0d6c768d8384e10bc74142bed2e092e",
                "sha256:c818dc1f3eace93ee50c2b6b5c2becf7c418fa5dd1ba6fc0ef7db279ea21d5e4",
                "sha256:cff31f5a8977534f255f729d5d2467526f2b10563a30bbdade92223e0bf264bd",
                "sha256:d4f94368ce2d65873a87ad867eb3bf63f4ba81eb97a9ee66d38c2b71ce5a7439",
                "sha256:d61b012baa8c2b659e9890011358455c0019a4108536b811602d2f638c40802a",
                "sha256:d6e1bc5c94873bec742afe2dfadce0d20445b18e75c47afc0c115b19e5dd38dd",
                "sha256:ea83bcd9d6c03248ebd46e71ac313858e0afd5aa2fa81478c0e653242f3eb476",
                "sha256:ed5761b37615a1f222c5345bbf45272ae2cf8c7dff88a4f53a1e9f977cbb6d95",
                "sha256:f011cd0062e54658b7086a76f8cf0f4222812acc66e219e196ea2d0a8849d0ed",
                "sha256:f1add21b6d179179b3c177c33d18a2186a09cc0d3af41ff5ed3f377360b869f2",
                "sha256:f655addaaaa9974108d4808f4150652589cada96074c87115c52e575bfcd87d5"
            ],
            "version": "==3.9.7"
        },
        "pyyaml": {
            "hashes": [
                "sha256:06a0d7ba600ce0b2d2fe2e78453a470b5a6e000a985dd4a4e54e436cc36b0e97",
                "sha256:240097ff019d7c70a4922b6869d8a86407758333f02203e0fc6ff79c5dcede76",
                "sha256:4f4b913ca1a7319b33cfb1369e91e50354d6f07a135f3b901aca02aa95940bd2",
                "sha256:69f00dca373f240f842b2931fb2c7e14ddbacd1397d57157a9b005a6a9942648",
                "sha256:73f099454b799e05e5ab51423c7bcf361c58d3206fa7b0d555426b1f4d9a3eaf",
                "sha256:74809a57b329d6cc0fdccee6318f44b9b8649961fa73144a98735b0aaf029f1f",
                "sha256:7739fc0fa8205b3ee8808aea45e968bc90082c10aef6ea95e855e10abf4a37b2",
                "sha256:95f71d2af0ff4227885f7a6605c37fd53d3a106fcab511b8860ecca9fcf400ee",
                "sha256:b8eac752c5e14d3eca0e6dd9199cd627518cb5ec06add0de9d32baeee6fe645d",
                "sha256:cc8955cfbfc7a115fa81d85284ee61147059a753344bc51098f3ccd69b0d7e0c",
                "sha256:d13155f591e6fcc1ec3b30685d50bf0711574e2c0dfffd7644babf8b5102ca1a"
            ],
            "index": "pypi",
            "version": "==5.3.1"
        },
        "regex": {
            "hashes": [
                "sha256:08119f707f0ebf2da60d2f24c2f39ca616277bb67ef6c92b72cbf90cbe3a556b",
                "sha256:0ce9537396d8f556bcfc317c65b6a0705320701e5ce511f05fc04421ba05b8a8",
                "sha256:1cbe0fa0b7f673400eb29e9ef41d4f53638f65f9a2143854de6b1ce2899185c3",
                "sha256:2294f8b70e058a2553cd009df003a20802ef75b3c629506be20687df0908177e",
                "sha256:23069d9c07e115537f37270d1d5faea3e0bdded8279081c4d4d607a2ad393683",
                "sha256:24f4f4062eb16c5bbfff6a22312e8eab92c2c99c51a02e39b4eae54ce8255cd1",
                "sha256:295badf61a51add2d428a46b8580309c520d8b26e769868b922750cf3ce67142",
                "sha256:2a3bf8b48f8e37c3a40bb3f854bf0121c194e69a650b209628d951190b862de3",
                "sha256:4385f12aa289d79419fede43f979e372f527892ac44a541b5446617e4406c468",
                "sha256:5635cd1ed0a12b4c42cce18a8d2fb53ff13ff537f09de5fd791e97de27b6400e",
                "sha256:5bfed051dbff32fd8945eccca70f5e22b55e4148d2a8a45141a3b053d6455ae3",
                "sha256:7e1037073b1b7053ee74c3c6c0ada80f3501ec29d5f46e42669378eae6d4405a",
                "sha256:90742c6ff121a9c5b261b9b215cb476eea97df98ea82037ec8ac95d1be7a034f",
                "sha256:a58dd45cb865be0ce1d5ecc4cfc85cd8c6867bea66733623e54bd95131f473b6",
                "sha256:c087bff162158536387c53647411db09b6ee3f9603c334c90943e97b1052a156",
                "sha256:c162a21e0da33eb3d31a3ac17a51db5e634fc347f650d271f0305d96601dc15b",
                "sha256:c9423a150d3a4fc0f3f2aae897a59919acd293f4cb397429b120a5fcd96ea3db",
                "sha256:ccccdd84912875e34c5ad2d06e1989d890d43af6c2242c6fcfa51556997af6cd",
                "sha256:e91ba11da11cf770f389e47c3f5c30473e6d85e06d7fd9dcba0017d2867aab4a",
                "sha256:ea4adf02d23b437684cd388d557bf76e3afa72f7fed5bbc013482cc00c816948",
                "sha256:fb95debbd1a824b2c4376932f2216cc186912e389bdb0e27147778cf6acb3f89"
            ],
            "version": "==2020.4.4"
        },
        "reportlab": {
            "hashes": [
                "sha256:072da175f9586fd0457242d7eb4ccf8284b65f8c4ec33ec4fa39c511ca2c6e10",
                "sha256:12b1deee658b6a9766e7aca061dfa52c396e984fb328178480ae11ff7717cda4",
                "sha256:28c56f85900bc9632ac6c44f71629a34da3a7da0904a19ecbf69ea7aec976bf3",
                "sha256:2ac6bf19ecc60149895273932910b7cde61bcfc6701326094078eee489265de5",
                "sha256:31feebbfd476201e82aecf750201acb1ea7d3b29217d2e0ca0a297d1189a78af",
                "sha256:330aa2b493c9a42b28c65b5b4c7de4c4f372b1292f082b1a097d56b12e2ba097",
                "sha256:39ae8212a07a18f0e3ee0a3bca6e5a37abac470f934e5a1a117209f989618373",
                "sha256:3af29daf6681fb1c6abbe8a948c6cdf241c7d9bcdce4b881076323e70b44865c",
                "sha256:3d33f934e13263fac098672840f8e0959643b747a516a50792868c3ae7251c37",
                "sha256:3ea95bcfcba08eb4030e3b62efc01ff9e547eea7887311f00685c729cabce038",
                "sha256:45f4aab315f301b4c184f1ee5fb4234fd1388335b191cf827ea977a98b0158dc",
                "sha256:497c8d56d2f98561b78d9e21d9a2a39ab9e2dd81db699f1cddcba744ba455330",
                "sha256:4f4463f1591cf66996a292835f04a521470cf9a479724017a9227125f49f7492",
                "sha256:553658b979b3e8dd662cd8c37d1955cc832b2c000f4cb6d076d8401d771dd85f",
                "sha256:5a8430eed5fc7d15c868fdf5673c94440710e7d1a77ea5bbd4f634e3e6fb5f9c",
                "sha256:5cc32b8ce94c9345fe59af2cbf47edb1c1615304b67f522957666485f87694f7",
                "sha256:5d851a20981e6ea29b643e59807997ca96ceeded4bf431ba9618171d8e383091",
                "sha256:64f7cfa75b9b9a1eebf2a3fe5667a01953e1cb8946b0d14f165b9381ec2fdbaf",
                "sha256:650ec96cc3cb86ae27987db5d36abe530ef45ec67032c4633c776dd3ab016ca4",
                "sha256:6771e0875203d130f1f9c9c04f26084178cb4720552580af8b393cf70c4943a5",
                "sha256:67f5b94ba44a4e764974b0ee9d2f574c593c11ec1cb19aedd17a1bebc35a597e",
                "sha256:6d6815a925c071a0b887c968d39527e9b3db962a151d2aabdd954beafd4431ad",
                "sha256:6e6e3041b742a73c71c0dc49875524338998cbf6a498077e40d4589f8448f3ed",
                "sha256:6fb58a2fdc725a601d225f377b3e1cc3837f8f560cc6c2ceeb8028010031fd65",
                "sha256:7c36e52452147e64a48a05ac56340b45aa3f0c64f2b2e38145ea15190c369621",
                "sha256:8194698254932234a1164694a5b8c84d8010db6ff71a8985c6133d21ed9767ea",
                "sha256:9c21f202697a6cea57b9d716288fc919d99cbabeb30222eebfc7ff77eac32744",
                "sha256:9ffbdbac35c084c2026c4d978498017b5433a61adfe6c1e500c506d38707b39c",
                "sha256:ab6acd99073081d708339e26475e93fe48139233a2ab7f43fc54560e1e00155a",
                "sha256:bd1c855249f5508a50e3ddc7b4e957e4a537597bd41e66e71bdc027bbcfa7534",
                "sha256:c14de6b939ad2ea63e4149e3e4eae1089e20afae1ef805345f73193f25ac9e5f",
                "sha256:cb24edd3e659c783abee1162559cc2a94537974fc73d73da7e3a7021b1ab9803",
                "sha256:d144680292a868cbfe02db25eecbf53623af02e42ff05822439f1434156e7863",
                "sha256:db5c44a77f10357f5c2c25545b7fbc009616274f9ac1876b00398693d0fc4324",
                "sha256:e326b2d48ccaf17322f86c23cd78900e50facf27b93ce50e4a2902a5f31ac343",
                "sha256:e6c3fc2866b853b6b9d4b5d79cfff89c5687fc70a155a05dcfdd278747d441db",
                "sha256:ef817701f45bb6974cfc0a488fd9a76c4190948c456234490174d1f2112b0a2c",
                "sha256:eff08b53ab4fa2adf4b763e56dd1369d6c1cb2a18d3daee7a5f53b25198c0a36",
                "sha256:f18ad0212b7204f5fae37682ec4760a11e1130c294294cfcd900d202d90ed9d9",
                "sha256:f7e4e8adc959dd65e127ae0865fb278d40b34ee2ae8e41e2c5fa8dc83cea273b"
            ],
            "version": "==3.5.42"
        },
        "sortedcontainers": {
            "hashes": [
                "sha256:974e9a32f56b17c1bac2aebd9dcf197f3eb9cd30553c5852a3187ad162e1a03a",
                "sha256:d9e96492dd51fae31e60837736b38fe42a187b5404c16606ff7ee7cd582d4c60"
            ],
            "version": "==2.1.0"
        },
        "tqdm": {
            "hashes": [
                "sha256:00339634a22c10a7a22476ee946bbde2dbe48d042ded784e4d88e0236eca5d81",
                "sha256:ea9e3fd6bd9a37e8783d75bfc4c1faf3c6813da6bd1c3e776488b41ec683af94"
            ],
            "version": "==4.45.0"
        }
    },
    "develop": {}
}
